
Microsoft Visual Studio Solution File, Format Version 12.00
# Visual Studio Version 17
VisualStudioVersion = 17.5.33530.505
MinimumVisualStudioVersion = 10.0.40219.1
Project("{FAE04EC0-301F-11D3-BF4B-00C04F79EFBC}") = "1.DATA", "1.DATA\1.DATA.csproj", "{F3881FBA-ED23-41BA-ADDF-3EAAA7B9EC23}"
EndProject
Global
	GlobalSection(SolutionConfigurationPlatforms) = preSolution
		Debug|Any CPU = Debug|Any CPU
		Release|Any CPU = Release|Any CPU
	EndGlobalSection
	GlobalSection(ProjectConfigurationPlatforms) = postSolution
		{F3881FBA-ED23-41BA-ADDF-3EAAA7B9EC23}.Debug|Any CPU.ActiveCfg = Debug|Any CPU
		{F3881FBA-ED23-41BA-ADDF-3EAAA7B9EC23}.Debug|Any CPU.Build.0 = Debug|Any CPU
		{F3881FBA-ED23-41BA-ADDF-3EAAA7B9EC23}.Release|Any CPU.ActiveCfg = Release|Any CPU
		{F3881FBA-ED23-41BA-ADDF-3EAAA7B9EC23}.Release|Any CPU.Build.0 = Release|Any CPU
	EndGlobalSection
	GlobalSection(SolutionProperties) = preSolution
		HideSolutionNode = FALSE
	EndGlobalSection
	GlobalSection(ExtensibilityGlobals) = postSolution
		SolutionGuid = {88CE3601-46D5-421C-9DB6-4345D0352FA4}
	EndGlobalSection
EndGlobal
